{
  "name": "watch-x",
  "version": "1.0.0",
  "lockfileVersion": 3,
  "requires": true,
  "packages": {
    "": {
      "name": "watch-x",
      "version": "1.0.0",
      "license": "MIT",
      "bin": {
        "watch-x": "src/cli.js"
      },
      "engines": {
        "node": ">=18.0.0"
      }
    }
  }
}
